
Microsoft Visual Studio Solution File, Format Version 12.00
# Visual Studio 15
VisualStudioVersion = 15.0.26430.4
MinimumVisualStudioVersion = 10.0.40219.1
Project("{2150E333-8FDC-42A3-9474-1A3956D46DE8}") = "Engine", "Engine", "{893E089C-EF14-4733-AA52-1FF622D28F2F}"
EndProject
Project("{2150E333-8FDC-42A3-9474-1A3956D46DE8}") = "Games", "Games", "{46934B19-4359-4520-8D0E-23374FC42DFE}"
EndProject
Project("{8BC9CEB8-8B4A-11D0-8D11-00A0C91BC942}") = "UE4", "Intermediate\ProjectFiles\UE4.vcxproj", "{CEB948FF-6D40-457C-A4DA-B172EB475ADA}"
EndProject
Project("{8BC9CEB8-8B4A-11D0-8D11-00A0C91BC942}") = "BuildingEscape", "Intermediate\ProjectFiles\BuildingEscape.vcxproj", "{B7FF3449-D3F1-4A0A-9C04-96C3B995B98D}"
EndProject
Global
	GlobalSection(SolutionConfigurationPlatforms) = preSolution
		DebugGame Editor|HTML5 = DebugGame Editor|HTML5
		DebugGame Editor|Win32 = DebugGame Editor|Win32
		DebugGame Editor|Win64 = DebugGame Editor|Win64
		DebugGame|HTML5 = DebugGame|HTML5
		DebugGame|Win32 = DebugGame|Win32
		DebugGame|Win64 = DebugGame|Win64
		Development Editor|HTML5 = Development Editor|HTML5
		Development Editor|Win32 = Development Editor|Win32
		Development Editor|Win64 = Development Editor|Win64
		Development|HTML5 = Development|HTML5
		Development|Win32 = Development|Win32
		Development|Win64 = Development|Win64
		Shipping|HTML5 = Shipping|HTML5
		Shipping|Win32 = Shipping|Win32
		Shipping|Win64 = Shipping|Win64
	EndGlobalSection
	GlobalSection(ProjectConfigurationPlatforms) = postSolution
		{CEB948FF-6D40-457C-A4DA-B172EB475ADA}.DebugGame Editor|HTML5.ActiveCfg = BuiltWithUnrealBuildTool|Win32
		{CEB948FF-6D40-457C-A4DA-B172EB475ADA}.DebugGame Editor|HTML5.Build.0 = BuiltWithUnrealBuildTool|Win32
		{CEB948FF-6D40-457C-A4DA-B172EB475ADA}.DebugGame Editor|Win32.ActiveCfg = BuiltWithUnrealBuildTool|Win32
		{CEB948FF-6D40-457C-A4DA-B172EB475ADA}.DebugGame Editor|Win32.Build.0 = BuiltWithUnrealBuildTool|Win32
		{CEB948FF-6D40-457C-A4DA-B172EB475ADA}.DebugGame Editor|Win64.ActiveCfg = BuiltWithUnrealBuildTool|Win32
		{CEB948FF-6D40-457C-A4DA-B172EB475ADA}.DebugGame Editor|Win64.Build.0 = BuiltWithUnrealBuildTool|Win32
		{CEB948FF-6D40-457C-A4DA-B172EB475ADA}.DebugGame|HTML5.ActiveCfg = BuiltWithUnrealBuildTool|Win32
		{CEB948FF-6D40-457C-A4DA-B172EB475ADA}.DebugGame|HTML5.Build.0 = BuiltWithUnrealBuildTool|Win32
		{CEB948FF-6D40-457C-A4DA-B172EB475ADA}.DebugGame|Win32.ActiveCfg = BuiltWithUnrealBuildTool|Win32
		{CEB948FF-6D40-457C-A4DA-B172EB475ADA}.DebugGame|Win32.Build.0 = BuiltWithUnrealBuildTool|Win32
		{CEB948FF-6D40-457C-A4DA-B172EB475ADA}.DebugGame|Win64.ActiveCfg = BuiltWithUnrealBuildTool|Win32
		{CEB948FF-6D40-457C-A4DA-B172EB475ADA}.DebugGame|Win64.Build.0 = BuiltWithUnrealBuildTool|Win32
		{CEB948FF-6D40-457C-A4DA-B172EB475ADA}.Development Editor|HTML5.ActiveCfg = BuiltWithUnrealBuildTool|Win32
		{CEB948FF-6D40-457C-A4DA-B172EB475ADA}.Development Editor|HTML5.Build.0 = BuiltWithUnrealBuildTool|Win32
		{CEB948FF-6D40-457C-A4DA-B172EB475ADA}.Development Editor|Win32.ActiveCfg = BuiltWithUnrealBuildTool|Win32
		{CEB948FF-6D40-457C-A4DA-B172EB475ADA}.Development Editor|Win32.Build.0 = BuiltWithUnrealBuildTool|Win32
		{CEB948FF-6D40-457C-A4DA-B172EB475ADA}.Development Editor|Win64.ActiveCfg = BuiltWithUnrealBuildTool|Win32
		{CEB948FF-6D40-457C-A4DA-B172EB475ADA}.Development Editor|Win64.Build.0 = BuiltWithUnrealBuildTool|Win32
		{CEB948FF-6D40-457C-A4DA-B172EB475ADA}.Development|HTML5.ActiveCfg = BuiltWithUnrealBuildTool|Win32
		{CEB948FF-6D40-457C-A4DA-B172EB475ADA}.Development|HTML5.Build.0 = BuiltWithUnrealBuildTool|Win32
		{CEB948FF-6D40-457C-A4DA-B172EB475ADA}.Development|Win32.ActiveCfg = BuiltWithUnrealBuildTool|Win32
		{CEB948FF-6D40-457C-A4DA-B172EB475ADA}.Development|Win32.Build.0 = BuiltWithUnrealBuildTool|Win32
		{CEB948FF-6D40-457C-A4DA-B172EB475ADA}.Development|Win64.ActiveCfg = BuiltWithUnrealBuildTool|Win32
		{CEB948FF-6D40-457C-A4DA-B172EB475ADA}.Development|Win64.Build.0 = BuiltWithUnrealBuildTool|Win32
		{CEB948FF-6D40-457C-A4DA-B172EB475ADA}.Shipping|HTML5.ActiveCfg = BuiltWithUnrealBuildTool|Win32
		{CEB948FF-6D40-457C-A4DA-B172EB475ADA}.Shipping|HTML5.Build.0 = BuiltWithUnrealBuildTool|Win32
		{CEB948FF-6D40-457C-A4DA-B172EB475ADA}.Shipping|Win32.ActiveCfg = BuiltWithUnrealBuildTool|Win32
		{CEB948FF-6D40-457C-A4DA-B172EB475ADA}.Shipping|Win32.Build.0 = BuiltWithUnrealBuildTool|Win32
		{CEB948FF-6D40-457C-A4DA-B172EB475ADA}.Shipping|Win64.ActiveCfg = BuiltWithUnrealBuildTool|Win32
		{CEB948FF-6D40-457C-A4DA-B172EB475ADA}.Shipping|Win64.Build.0 = BuiltWithUnrealBuildTool|Win32
		{B7FF3449-D3F1-4A0A-9C04-96C3B995B98D}.DebugGame Editor|HTML5.ActiveCfg = HTML5_DebugGame_Editor|Win32
		{B7FF3449-D3F1-4A0A-9C04-96C3B995B98D}.DebugGame Editor|Win32.ActiveCfg = DebugGame_Editor|Win32
		{B7FF3449-D3F1-4A0A-9C04-96C3B995B98D}.DebugGame Editor|Win64.ActiveCfg = DebugGame_Editor|x64
		{B7FF3449-D3F1-4A0A-9C04-96C3B995B98D}.DebugGame Editor|Win64.Build.0 = DebugGame_Editor|x64
		{B7FF3449-D3F1-4A0A-9C04-96C3B995B98D}.DebugGame|HTML5.ActiveCfg = HTML5_DebugGame_Game|Win32
		{B7FF3449-D3F1-4A0A-9C04-96C3B995B98D}.DebugGame|HTML5.Build.0 = HTML5_DebugGame_Game|Win32
		{B7FF3449-D3F1-4A0A-9C04-96C3B995B98D}.DebugGame|Win32.ActiveCfg = DebugGame_Game|Win32
		{B7FF3449-D3F1-4A0A-9C04-96C3B995B98D}.DebugGame|Win32.Build.0 = DebugGame_Game|Win32
		{B7FF3449-D3F1-4A0A-9C04-96C3B995B98D}.DebugGame|Win64.ActiveCfg = DebugGame_Game|x64
		{B7FF3449-D3F1-4A0A-9C04-96C3B995B98D}.DebugGame|Win64.Build.0 = DebugGame_Game|x64
		{B7FF3449-D3F1-4A0A-9C04-96C3B995B98D}.Development Editor|HTML5.ActiveCfg = HTML5_Development_Editor|Win32
		{B7FF3449-D3F1-4A0A-9C04-96C3B995B98D}.Development Editor|Win32.ActiveCfg = Development_Editor|Win32
		{B7FF3449-D3F1-4A0A-9C04-96C3B995B98D}.Development Editor|Win64.ActiveCfg = Development_Editor|x64
		{B7FF3449-D3F1-4A0A-9C04-96C3B995B98D}.Development Editor|Win64.Build.0 = Development_Editor|x64
		{B7FF3449-D3F1-4A0A-9C04-96C3B995B98D}.Development|HTML5.ActiveCfg = HTML5_Development_Game|Win32
		{B7FF3449-D3F1-4A0A-9C04-96C3B995B98D}.Development|HTML5.Build.0 = HTML5_Development_Game|Win32
		{B7FF3449-D3F1-4A0A-9C04-96C3B995B98D}.Development|Win32.ActiveCfg = Development_Game|Win32
		{B7FF3449-D3F1-4A0A-9C04-96C3B995B98D}.Development|Win32.Build.0 = Development_Game|Win32
		{B7FF3449-D3F1-4A0A-9C04-96C3B995B98D}.Development|Win64.ActiveCfg = Development_Game|x64
		{B7FF3449-D3F1-4A0A-9C04-96C3B995B98D}.Development|Win64.Build.0 = Development_Game|x64
		{B7FF3449-D3F1-4A0A-9C04-96C3B995B98D}.Shipping|HTML5.ActiveCfg = HTML5_Shipping_Game|Win32
		{B7FF3449-D3F1-4A0A-9C04-96C3B995B98D}.Shipping|HTML5.Build.0 = HTML5_Shipping_Game|Win32
		{B7FF3449-D3F1-4A0A-9C04-96C3B995B98D}.Shipping|Win32.ActiveCfg = Shipping_Game|Win32
		{B7FF3449-D3F1-4A0A-9C04-96C3B995B98D}.Shipping|Win32.Build.0 = Shipping_Game|Win32
		{B7FF3449-D3F1-4A0A-9C04-96C3B995B98D}.Shipping|Win64.ActiveCfg = Shipping_Game|x64
		{B7FF3449-D3F1-4A0A-9C04-96C3B995B98D}.Shipping|Win64.Build.0 = Shipping_Game|x64
	EndGlobalSection
	GlobalSection(SolutionProperties) = preSolution
		HideSolutionNode = FALSE
	EndGlobalSection
	GlobalSection(NestedProjects) = preSolution
		{CEB948FF-6D40-457C-A4DA-B172EB475ADA} = {893E089C-EF14-4733-AA52-1FF622D28F2F}
		{B7FF3449-D3F1-4A0A-9C04-96C3B995B98D} = {46934B19-4359-4520-8D0E-23374FC42DFE}
	EndGlobalSection
EndGlobal
